// !$*UTF8*$!
{
	archiveVersion = 1;
	classes = {
	};
	objectVersion = 46;
	objects = {

/* Begin PBXBuildFile section */
		D3379F5A1C409FC800430D2C /* LogoutDelegate.swift in Sources */ = {isa = PBXBuildFile; fileRef = D3379F591C409FC800430D2C /* LogoutDelegate.swift */; };
		D3379F5E1C409FDF00430D2C /* AuthorizeUserDelegate.swift in Sources */ = {isa = PBXBuildFile; fileRef = D3379F5D1C409FDF00430D2C /* AuthorizeUserDelegate.swift */; };
		D3379F601C409FEA00430D2C /* AccessTokenDelegate.swift in Sources */ = {isa = PBXBuildFile; fileRef = D3379F5F1C409FEA00430D2C /* AccessTokenDelegate.swift */; };
		D3379F621C409FFB00430D2C /* AppGlobals.swift in Sources */ = {isa = PBXBuildFile; fileRef = D3379F611C409FFB00430D2C /* AppGlobals.swift */; };
		D3379F6A1C40E2EE00430D2C /* Security.framework in Frameworks */ = {isa = PBXBuildFile; fileRef = D3379F691C40E2EE00430D2C /* Security.framework */; };
		D3379F6B1C42314200430D2C /* AppGlobals.swift in Sources */ = {isa = PBXBuildFile; fileRef = D3379F611C409FFB00430D2C /* AppGlobals.swift */; };
		D351F06F1C01738800F6F91D /* AppDelegate.swift in Sources */ = {isa = PBXBuildFile; fileRef = D351F06E1C01738800F6F91D /* AppDelegate.swift */; };
		D351F0711C01738800F6F91D /* ViewController.swift in Sources */ = {isa = PBXBuildFile; fileRef = D351F0701C01738800F6F91D /* ViewController.swift */; };
		D351F0741C01738800F6F91D /* Main.storyboard in Resources */ = {isa = PBXBuildFile; fileRef = D351F0721C01738800F6F91D /* Main.storyboard */; };
		D351F0761C01738800F6F91D /* Assets.xcassets in Resources */ = {isa = PBXBuildFile; fileRef = D351F0751C01738800F6F91D /* Assets.xcassets */; };
		D351F0791C01738800F6F91D /* LaunchScreen.storyboard in Resources */ = {isa = PBXBuildFile; fileRef = D351F0771C01738800F6F91D /* LaunchScreen.storyboard */; };
		D351F0841C01738800F6F91D /* sensor2Tests.swift in Sources */ = {isa = PBXBuildFile; fileRef = D351F0831C01738800F6F91D /* sensor2Tests.swift */; };
		D351F08F1C01738800F6F91D /* sensor2UITests.swift in Sources */ = {isa = PBXBuildFile; fileRef = D351F08E1C01738800F6F91D /* sensor2UITests.swift */; };
		D351F0941C01738800F6F91D /* sensor2 WatchKit App.app in Embed Watch Content */ = {isa = PBXBuildFile; fileRef = D351F0931C01738800F6F91D /* sensor2 WatchKit App.app */; };
		D351F09A1C01738800F6F91D /* Interface.storyboard in Resources */ = {isa = PBXBuildFile; fileRef = D351F0981C01738800F6F91D /* Interface.storyboard */; };
		D351F09C1C01738800F6F91D /* Assets.xcassets in Resources */ = {isa = PBXBuildFile; fileRef = D351F09B1C01738800F6F91D /* Assets.xcassets */; };
		D351F0A31C01738800F6F91D /* sensor2 WatchKit Extension.appex in Embed App Extensions */ = {isa = PBXBuildFile; fileRef = D351F0A21C01738800F6F91D /* sensor2 WatchKit Extension.appex */; settings = {ATTRIBUTES = (RemoveHeadersOnCopy, ); }; };
		D351F0A81C01738800F6F91D /* InterfaceController.swift in Sources */ = {isa = PBXBuildFile; fileRef = D351F0A71C01738800F6F91D /* InterfaceController.swift */; };
		D351F0AA1C01738800F6F91D /* ExtensionDelegate.swift in Sources */ = {isa = PBXBuildFile; fileRef = D351F0A91C01738800F6F91D /* ExtensionDelegate.swift */; };
		D351F0AC1C01738800F6F91D /* Assets.xcassets in Resources */ = {isa = PBXBuildFile; fileRef = D351F0AB1C01738800F6F91D /* Assets.xcassets */; };
		D351F0C21C0183D300F6F91D /* SensorDynamoImpl.swift in Sources */ = {isa = PBXBuildFile; fileRef = D351F0C11C0183D300F6F91D /* SensorDynamoImpl.swift */; };
		D3538F671C7A367D00D9C963 /* GoogleService-Info.plist in Resources */ = {isa = PBXBuildFile; fileRef = D3538F641C76EEC900D9C963 /* GoogleService-Info.plist */; };
		D38056731C5DC4F800353CD7 /* LoginWithAmazon.framework in Frameworks */ = {isa = PBXBuildFile; fileRef = D38056721C5DC4F800353CD7 /* LoginWithAmazon.framework */; };
		D3E320811C8D1D5B006272C2 /* FBSDKCoreKit.framework in Frameworks */ = {isa = PBXBuildFile; fileRef = D3E320801C8D1D5B006272C2 /* FBSDKCoreKit.framework */; };
		D3E320831C8D1D6A006272C2 /* FBSDKLoginKit.framework in Frameworks */ = {isa = PBXBuildFile; fileRef = D3E320821C8D1D6A006272C2 /* FBSDKLoginKit.framework */; };
		D3E320851C8D1D78006272C2 /* FBSDKShareKit.framework in Frameworks */ = {isa = PBXBuildFile; fileRef = D3E320841C8D1D78006272C2 /* FBSDKShareKit.framework */; };
		D64F60767DB565C5F78ABA6A /* libPods.a in Frameworks */ = {isa = PBXBuildFile; fileRef = D1A7C95C9CBDCDCCB3999BB0 /* libPods.a */; };
/* End PBXBuildFile section */

/* Begin PBXContainerItemProxy section */
		D351F0801C01738800F6F91D /* PBXContainerItemProxy */ = {
			isa = PBXContainerItemProxy;
			containerPortal = D351F0631C01738800F6F91D /* Project object */;
			proxyType = 1;
			remoteGlobalIDString = D351F06A1C01738800F6F91D;
			remoteInfo = sensor2;
		};
		D351F08B1C01738800F6F91D /* PBXContainerItemProxy */ = {
			isa = PBXContainerItemProxy;
			containerPortal = D351F0631C01738800F6F91D /* Project object */;
			proxyType = 1;
			remoteGlobalIDString = D351F06A1C01738800F6F91D;
			remoteInfo = sensor2;
		};
		D351F0951C01738800F6F91D /* PBXContainerItemProxy */ = {
			isa = PBXContainerItemProxy;
			containerPortal = D351F0631C01738800F6F91D /* Project object */;
			proxyType = 1;
			remoteGlobalIDString = D351F0921C01738800F6F91D;
			remoteInfo = "sensor2 WatchKit App";
		};
		D351F0A41C01738800F6F91D /* PBXContainerItemProxy */ = {
			isa = PBXContainerItemProxy;
			containerPortal = D351F0631C01738800F6F91D /* Project object */;
			proxyType = 1;
			remoteGlobalIDString = D351F0A11C01738800F6F91D;
			remoteInfo = "sensor2 WatchKit Extension";
		};
/* End PBXContainerItemProxy section */

/* Begin PBXCopyFilesBuildPhase section */
		D351F0B31C01738800F6F91D /* Embed App Extensions */ = {
			isa = PBXCopyFilesBuildPhase;
			buildActionMask = 2147483647;
			dstPath = "";
			dstSubfolderSpec = 13;
			files = (
				D351F0A31C01738800F6F91D /* sensor2 WatchKit Extension.appex in Embed App Extensions */,
			);
			name = "Embed App Extensions";
			runOnlyForDeploymentPostprocessing = 0;
		};
		D351F0B71C01738800F6F91D /* Embed Watch Content */ = {
			isa = PBXCopyFilesBuildPhase;
			buildActionMask = 2147483647;
			dstPath = "$(CONTENTS_FOLDER_PATH)/Watch";
			dstSubfolderSpec = 16;
			files = (
				D351F0941C01738800F6F91D /* sensor2 WatchKit App.app in Embed Watch Content */,
			);
			name = "Embed Watch Content";
			runOnlyForDeploymentPostprocessing = 0;
		};
/* End PBXCopyFilesBuildPhase section */

/* Begin PBXFileReference section */
		31091825ACC9FE8C5D8F4818 /* Pods.release.xcconfig */ = {isa = PBXFileReference; includeInIndex = 1; lastKnownFileType = text.xcconfig; name = Pods.release.xcconfig; path = "Pods/Target Support Files/Pods/Pods.release.xcconfig"; sourceTree = "<group>"; };
		D1A7C95C9CBDCDCCB3999BB0 /* libPods.a */ = {isa = PBXFileReference; explicitFileType = archive.ar; includeInIndex = 0; path = libPods.a; sourceTree = BUILT_PRODUCTS_DIR; };
		D3036CD11C16A2F800DCC5F8 /* Watch-Bridging-Header.h */ = {isa = PBXFileReference; fileEncoding = 4; lastKnownFileType = sourcecode.c.h; path = "Watch-Bridging-Header.h"; sourceTree = "<group>"; };
		D3379F581C409F7F00430D2C /* Sensor2-Bridging-Header.h */ = {isa = PBXFileReference; fileEncoding = 4; lastKnownFileType = sourcecode.c.h; path = "Sensor2-Bridging-Header.h"; sourceTree = "<group>"; };
		D3379F591C409FC800430D2C /* LogoutDelegate.swift */ = {isa = PBXFileReference; fileEncoding = 4; lastKnownFileType = sourcecode.swift; path = LogoutDelegate.swift; sourceTree = "<group>"; };
		D3379F5D1C409FDF00430D2C /* AuthorizeUserDelegate.swift */ = {isa = PBXFileReference; fileEncoding = 4; lastKnownFileType = sourcecode.swift; path = AuthorizeUserDelegate.swift; sourceTree = "<group>"; };
		D3379F5F1C409FEA00430D2C /* AccessTokenDelegate.swift */ = {isa = PBXFileReference; fileEncoding = 4; lastKnownFileType = sourcecode.swift; path = AccessTokenDelegate.swift; sourceTree = "<group>"; };
		D3379F611C409FFB00430D2C /* AppGlobals.swift */ = {isa = PBXFileReference; fileEncoding = 4; lastKnownFileType = sourcecode.swift; path = AppGlobals.swift; sourceTree = "<group>"; };
		D3379F691C40E2EE00430D2C /* Security.framework */ = {isa = PBXFileReference; lastKnownFileType = wrapper.framework; name = Security.framework; path = System/Library/Frameworks/Security.framework; sourceTree = SDKROOT; };
		D351F06B1C01738800F6F91D /* sensor2.app */ = {isa = PBXFileReference; explicitFileType = wrapper.application; includeInIndex = 0; path = sensor2.app; sourceTree = BUILT_PRODUCTS_DIR; };
		D351F06E1C01738800F6F91D /* AppDelegate.swift */ = {isa = PBXFileReference; lastKnownFileType = sourcecode.swift; path = AppDelegate.swift; sourceTree = "<group>"; };
		D351F0701C01738800F6F91D /* ViewController.swift */ = {isa = PBXFileReference; lastKnownFileType = sourcecode.swift; path = ViewController.swift; sourceTree = "<group>"; };
		D351F0731C01738800F6F91D /* Base */ = {isa = PBXFileReference; lastKnownFileType = file.storyboard; name = Base; path = Base.lproj/Main.storyboard; sourceTree = "<group>"; };
		D351F0751C01738800F6F91D /* Assets.xcassets */ = {isa = PBXFileReference; lastKnownFileType = folder.assetcatalog; path = Assets.xcassets; sourceTree = "<group>"; };
		D351F0781C01738800F6F91D /* Base */ = {isa = PBXFileReference; lastKnownFileType = file.storyboard; name = Base; path = Base.lproj/LaunchScreen.storyboard; sourceTree = "<group>"; };
		D351F07A1C01738800F6F91D /* Info.plist */ = {isa = PBXFileReference; lastKnownFileType = text.plist.xml; path = Info.plist; sourceTree = "<group>"; };
		D351F07F1C01738800F6F91D /* sensor2Tests.xctest */ = {isa = PBXFileReference; explicitFileType = wrapper.cfbundle; includeInIndex = 0; path = sensor2Tests.xctest; sourceTree = BUILT_PRODUCTS_DIR; };
		D351F0831C01738800F6F91D /* sensor2Tests.swift */ = {isa = PBXFileReference; lastKnownFileType = sourcecode.swift; path = sensor2Tests.swift; sourceTree = "<group>"; };
		D351F0851C01738800F6F91D /* Info.plist */ = {isa = PBXFileReference; lastKnownFileType = text.plist.xml; path = Info.plist; sourceTree = "<group>"; };
		D351F08A1C01738800F6F91D /* sensor2UITests.xctest */ = {isa = PBXFileReference; explicitFileType = wrapper.cfbundle; includeInIndex = 0; path = sensor2UITests.xctest; sourceTree = BUILT_PRODUCTS_DIR; };
		D351F08E1C01738800F6F91D /* sensor2UITests.swift */ = {isa = PBXFileReference; lastKnownFileType = sourcecode.swift; path = sensor2UITests.swift; sourceTree = "<group>"; };
		D351F0901C01738800F6F91D /* Info.plist */ = {isa = PBXFileReference; lastKnownFileType = text.plist.xml; path = Info.plist; sourceTree = "<group>"; };
		D351F0931C01738800F6F91D /* sensor2 WatchKit App.app */ = {isa = PBXFileReference; explicitFileType = wrapper.application; includeInIndex = 0; path = "sensor2 WatchKit App.app"; sourceTree = BUILT_PRODUCTS_DIR; };
		D351F0991C01738800F6F91D /* Base */ = {isa = PBXFileReference; lastKnownFileType = file.storyboard; name = Base; path = Base.lproj/Interface.storyboard; sourceTree = "<group>"; };
		D351F09B1C01738800F6F91D /* Assets.xcassets */ = {isa = PBXFileReference; lastKnownFileType = folder.assetcatalog; path = Assets.xcassets; sourceTree = "<group>"; };
		D351F09D1C01738800F6F91D /* Info.plist */ = {isa = PBXFileReference; lastKnownFileType = text.plist.xml; path = Info.plist; sourceTree = "<group>"; };
		D351F0A21C01738800F6F91D /* sensor2 WatchKit Extension.appex */ = {isa = PBXFileReference; explicitFileType = "wrapper.app-extension"; includeInIndex = 0; path = "sensor2 WatchKit Extension.appex"; sourceTree = BUILT_PRODUCTS_DIR; };
		D351F0A71C01738800F6F91D /* InterfaceController.swift */ = {isa = PBXFileReference; lastKnownFileType = sourcecode.swift; path = InterfaceController.swift; sourceTree = "<group>"; };
		D351F0A91C01738800F6F91D /* ExtensionDelegate.swift */ = {isa = PBXFileReference; lastKnownFileType = sourcecode.swift; path = ExtensionDelegate.swift; sourceTree = "<group>"; };
		D351F0AB1C01738800F6F91D /* Assets.xcassets */ = {isa = PBXFileReference; lastKnownFileType = folder.assetcatalog; path = Assets.xcassets; sourceTree = "<group>"; };
		D351F0AD1C01738800F6F91D /* Info.plist */ = {isa = PBXFileReference; lastKnownFileType = text.plist.xml; path = Info.plist; sourceTree = "<group>"; };
		D351F0C11C0183D300F6F91D /* SensorDynamoImpl.swift */ = {isa = PBXFileReference; fileEncoding = 4; lastKnownFileType = sourcecode.swift; path = SensorDynamoImpl.swift; sourceTree = "<group>"; };
		D3538F641C76EEC900D9C963 /* GoogleService-Info.plist */ = {isa = PBXFileReference; fileEncoding = 4; lastKnownFileType = text.plist.xml; path = "GoogleService-Info.plist"; sourceTree = "<group>"; };
		D38056701C5DC3D900353CD7 /* LoginWithAmazon */ = {isa = PBXFileReference; lastKnownFileType = folder; path = LoginWithAmazon; sourceTree = "<group>"; };
		D38056721C5DC4F800353CD7 /* LoginWithAmazon.framework */ = {isa = PBXFileReference; lastKnownFileType = wrapper.framework; name = LoginWithAmazon.framework; path = LoginWithAmazon/LoginWithAmazon.framework; sourceTree = "<group>"; };
		D3D467A01C3B7648006AC438 /* sensor2Web */ = {isa = PBXFileReference; lastKnownFileType = folder; path = sensor2Web; sourceTree = "<group>"; };
		D3E320801C8D1D5B006272C2 /* FBSDKCoreKit.framework */ = {isa = PBXFileReference; lastKnownFileType = wrapper.framework; name = FBSDKCoreKit.framework; path = Facebook/FBSDKCoreKit.framework; sourceTree = "<group>"; };
		D3E320821C8D1D6A006272C2 /* FBSDKLoginKit.framework */ = {isa = PBXFileReference; lastKnownFileType = wrapper.framework; name = FBSDKLoginKit.framework; path = Facebook/FBSDKLoginKit.framework; sourceTree = "<group>"; };
		D3E320841C8D1D78006272C2 /* FBSDKShareKit.framework */ = {isa = PBXFileReference; lastKnownFileType = wrapper.framework; name = FBSDKShareKit.framework; path = Facebook/FBSDKShareKit.framework; sourceTree = "<group>"; };
		EA3948CFD2B7AE79359EF375 /* Pods.debug.xcconfig */ = {isa = PBXFileReference; includeInIndex = 1; lastKnownFileType = text.xcconfig; name = Pods.debug.xcconfig; path = "Pods/Target Support Files/Pods/Pods.debug.xcconfig"; sourceTree = "<group>"; };
/* End PBXFileReference section */

/* Begin PBXFrameworksBuildPhase section */
		D351F0681C01738800F6F91D /* Frameworks */ = {
			isa = PBXFrameworksBuildPhase;
			buildActionMask = 2147483647;
			files = (
				D3E320851C8D1D78006272C2 /* FBSDKShareKit.framework in Frameworks */,
				D3E320831C8D1D6A006272C2 /* FBSDKLoginKit.framework in Frameworks */,
				D3E320811C8D1D5B006272C2 /* FBSDKCoreKit.framework in Frameworks */,
				D38056731C5DC4F800353CD7 /* LoginWithAmazon.framework in Frameworks */,
				D3379F6A1C40E2EE00430D2C /* Security.framework in Frameworks */,
				D64F60767DB565C5F78ABA6A /* libPods.a in Frameworks */,
			);
			runOnlyForDeploymentPostprocessing = 0;
		};
		D351F07C1C01738800F6F91D /* Frameworks */ = {
			isa = PBXFrameworksBuildPhase;
			buildActionMask = 2147483647;
			files = (
			);
			runOnlyForDeploymentPostprocessing = 0;
		};
		D351F0871C01738800F6F91D /* Frameworks */ = {
			isa = PBXFrameworksBuildPhase;
			buildActionMask = 2147483647;
			files = (
			);
			runOnlyForDeploymentPostprocessing = 0;
		};
		D351F09F1C01738800F6F91D /* Frameworks */ = {
			isa = PBXFrameworksBuildPhase;
			buildActionMask = 2147483647;
			files = (
			);
			runOnlyForDeploymentPostprocessing = 0;
		};
/* End PBXFrameworksBuildPhase section */

/* Begin PBXGroup section */
		28DFA1F4DFF309EE311D63CC /* Frameworks */ = {
			isa = PBXGroup;
			children = (
				D3E320841C8D1D78006272C2 /* FBSDKShareKit.framework */,
				D3E320821C8D1D6A006272C2 /* FBSDKLoginKit.framework */,
				D3E320801C8D1D5B006272C2 /* FBSDKCoreKit.framework */,
				D38056721C5DC4F800353CD7 /* LoginWithAmazon.framework */,
				D38056701C5DC3D900353CD7 /* LoginWithAmazon */,
				D3379F691C40E2EE00430D2C /* Security.framework */,
				D1A7C95C9CBDCDCCB3999BB0 /* libPods.a */,
			);
			name = Frameworks;
			sourceTree = "<group>";
		};
		529DB86426DACEFE75A9E021 /* Pods */ = {
			isa = PBXGroup;
			children = (
				EA3948CFD2B7AE79359EF375 /* Pods.debug.xcconfig */,
				31091825ACC9FE8C5D8F4818 /* Pods.release.xcconfig */,
			);
			name = Pods;
			sourceTree = "<group>";
		};
		D351F0621C01738700F6F91D = {
			isa = PBXGroup;
			children = (
				D3D467A01C3B7648006AC438 /* sensor2Web */,
				D351F06D1C01738800F6F91D /* sensor2 */,
				D351F0821C01738800F6F91D /* sensor2Tests */,
				D351F08D1C01738800F6F91D /* sensor2UITests */,
				D351F0971C01738800F6F91D /* sensor2 WatchKit App */,
				D351F0A61C01738800F6F91D /* sensor2 WatchKit Extension */,
				D351F06C1C01738800F6F91D /* Products */,
				529DB86426DACEFE75A9E021 /* Pods */,
				28DFA1F4DFF309EE311D63CC /* Frameworks */,
			);
			sourceTree = "<group>";
		};
		D351F06C1C01738800F6F91D /* Products */ = {
			isa = PBXGroup;
			children = (
				D351F06B1C01738800F6F91D /* sensor2.app */,
				D351F07F1C01738800F6F91D /* sensor2Tests.xctest */,
				D351F08A1C01738800F6F91D /* sensor2UITests.xctest */,
				D351F0931C01738800F6F91D /* sensor2 WatchKit App.app */,
				D351F0A21C01738800F6F91D /* sensor2 WatchKit Extension.appex */,
			);
			name = Products;
			sourceTree = "<group>";
		};
		D351F06D1C01738800F6F91D /* sensor2 */ = {
			isa = PBXGroup;
			children = (
				D3538F641C76EEC900D9C963 /* GoogleService-Info.plist */,
				D3379F611C409FFB00430D2C /* AppGlobals.swift */,
				D3379F5F1C409FEA00430D2C /* AccessTokenDelegate.swift */,
				D3379F5D1C409FDF00430D2C /* AuthorizeUserDelegate.swift */,
				D3379F591C409FC800430D2C /* LogoutDelegate.swift */,
				D3379F581C409F7F00430D2C /* Sensor2-Bridging-Header.h */,
				D351F06E1C01738800F6F91D /* AppDelegate.swift */,
				D351F0701C01738800F6F91D /* ViewController.swift */,
				D351F0721C01738800F6F91D /* Main.storyboard */,
				D351F0751C01738800F6F91D /* Assets.xcassets */,
				D351F0771C01738800F6F91D /* LaunchScreen.storyboard */,
				D351F07A1C01738800F6F91D /* Info.plist */,
			);
			path = sensor2;
			sourceTree = "<group>";
		};
		D351F0821C01738800F6F91D /* sensor2Tests */ = {
			isa = PBXGroup;
			children = (
				D351F0831C01738800F6F91D /* sensor2Tests.swift */,
				D351F0851C01738800F6F91D /* Info.plist */,
			);
			path = sensor2Tests;
			sourceTree = "<group>";
		};
		D351F08D1C01738800F6F91D /* sensor2UITests */ = {
			isa = PBXGroup;
			children = (
				D351F08E1C01738800F6F91D /* sensor2UITests.swift */,
				D351F0901C01738800F6F91D /* Info.plist */,
			);
			path = sensor2UITests;
			sourceTree = "<group>";
		};
		D351F0971C01738800F6F91D /* sensor2 WatchKit App */ = {
			isa = PBXGroup;
			children = (
				D351F0981C01738800F6F91D /* Interface.storyboard */,
				D351F09B1C01738800F6F91D /* Assets.xcassets */,
				D351F09D1C01738800F6F91D /* Info.plist */,
			);
			path = "sensor2 WatchKit App";
			sourceTree = "<group>";
		};
		D351F0A61C01738800F6F91D /* sensor2 WatchKit Extension */ = {
			isa = PBXGroup;
			children = (
				D3036CD11C16A2F800DCC5F8 /* Watch-Bridging-Header.h */,
				D351F0C11C0183D300F6F91D /* SensorDynamoImpl.swift */,
				D351F0A71C01738800F6F91D /* InterfaceController.swift */,
				D351F0A91C01738800F6F91D /* ExtensionDelegate.swift */,
				D351F0AB1C01738800F6F91D /* Assets.xcassets */,
				D351F0AD1C01738800F6F91D /* Info.plist */,
			);
			path = "sensor2 WatchKit Extension";
			sourceTree = "<group>";
		};
/* End PBXGroup section */

/* Begin PBXNativeTarget section */
		D351F06A1C01738800F6F91D /* sensor2 */ = {
			isa = PBXNativeTarget;
			buildConfigurationList = D351F0B81C01738800F6F91D /* Build configuration list for PBXNativeTarget "sensor2" */;
			buildPhases = (
				C0A5FA6724C31BDFD82A4153 /* Check Pods Manifest.lock */,
				D351F0671C01738800F6F91D /* Sources */,
				D351F0681C01738800F6F91D /* Frameworks */,
				D351F0691C01738800F6F91D /* Resources */,
				D351F0B71C01738800F6F91D /* Embed Watch Content */,
				A025C3616C3F18C736423CD0 /* Copy Pods Resources */,
				D3F93D6F1C7EB95700AA70FB /* Run Script */,
			);
			buildRules = (
			);
			dependencies = (
				D351F0961C01738800F6F91D /* PBXTargetDependency */,
			);
			name = sensor2;
			productName = sensor2;
			productReference = D351F06B1C01738800F6F91D /* sensor2.app */;
			productType = "com.apple.product-type.application";
		};
		D351F07E1C01738800F6F91D /* sensor2Tests */ = {
			isa = PBXNativeTarget;
			buildConfigurationList = D351F0BB1C01738800F6F91D /* Build configuration list for PBXNativeTarget "sensor2Tests" */;
			buildPhases = (
				D351F07B1C01738800F6F91D /* Sources */,
				D351F07C1C01738800F6F91D /* Frameworks */,
				D351F07D1C01738800F6F91D /* Resources */,
			);
			buildRules = (
			);
			dependencies = (
				D351F0811C01738800F6F91D /* PBXTargetDependency */,
			);
			name = sensor2Tests;
			productName = sensor2Tests;
			productReference = D351F07F1C01738800F6F91D /* sensor2Tests.xctest */;
			productType = "com.apple.product-type.bundle.unit-test";
		};
		D351F0891C01738800F6F91D /* sensor2UITests */ = {
			isa = PBXNativeTarget;
			buildConfigurationList = D351F0BE1C01738800F6F91D /* Build configuration list for PBXNativeTarget "sensor2UITests" */;
			buildPhases = (
				D351F0861C01738800F6F91D /* Sources */,
				D351F0871C01738800F6F91D /* Frameworks */,
				D351F0881C01738800F6F91D /* Resources */,
			);
			buildRules = (
			);
			dependencies = (
				D351F08C1C01738800F6F91D /* PBXTargetDependency */,
			);
			name = sensor2UITests;
			productName = sensor2UITests;
			productReference = D351F08A1C01738800F6F91D /* sensor2UITests.xctest */;
			productType = "com.apple.product-type.bundle.ui-testing";
		};
		D351F0921C01738800F6F91D /* sensor2 WatchKit App */ = {
			isa = PBXNativeTarget;
			buildConfigurationList = D351F0B41C01738800F6F91D /* Build configuration list for PBXNativeTarget "sensor2 WatchKit App" */;
			buildPhases = (
				D351F0911C01738800F6F91D /* Resources */,
				D351F0B31C01738800F6F91D /* Embed App Extensions */,
			);
			buildRules = (
			);
			dependencies = (
				D351F0A51C01738800F6F91D /* PBXTargetDependency */,
			);
			name = "sensor2 WatchKit App";
			productName = "sensor2 WatchKit App";
			productReference = D351F0931C01738800F6F91D /* sensor2 WatchKit App.app */;
			productType = "com.apple.product-type.application.watchapp2";
		};
		D351F0A11C01738800F6F91D /* sensor2 WatchKit Extension */ = {
			isa = PBXNativeTarget;
			buildConfigurationList = D351F0B01C01738800F6F91D /* Build configuration list for PBXNativeTarget "sensor2 WatchKit Extension" */;
			buildPhases = (
				D351F09E1C01738800F6F91D /* Sources */,
				D351F09F1C01738800F6F91D /* Frameworks */,
				D351F0A01C01738800F6F91D /* Resources */,
			);
			buildRules = (
			);
			dependencies = (
			);
			name = "sensor2 WatchKit Extension";
			productName = "sensor2 WatchKit Extension";
			productReference = D351F0A21C01738800F6F91D /* sensor2 WatchKit Extension.appex */;
			productType = "com.apple.product-type.watchkit2-extension";
		};
/* End PBXNativeTarget section */

/* Begin PBXProject section */
		D351F0631C01738800F6F91D /* Project object */ = {
			isa = PBXProject;
			attributes = {
				LastSwiftUpdateCheck = 0710;
				LastUpgradeCheck = 0710;
				ORGANIZATIONNAME = "Greg McNutt";
				TargetAttributes = {
					D351F06A1C01738800F6F91D = {
						CreatedOnToolsVersion = 7.1.1;
						DevelopmentTeam = ZFJ4RM7VL4;
					};
					D351F07E1C01738800F6F91D = {
						CreatedOnToolsVersion = 7.1.1;
						TestTargetID = D351F06A1C01738800F6F91D;
					};
					D351F0891C01738800F6F91D = {
						CreatedOnToolsVersion = 7.1.1;
						TestTargetID = D351F06A1C01738800F6F91D;
					};
					D351F0921C01738800F6F91D = {
						CreatedOnToolsVersion = 7.1.1;
						DevelopmentTeam = ZFJ4RM7VL4;
					};
					D351F0A11C01738800F6F91D = {
						CreatedOnToolsVersion = 7.1.1;
						DevelopmentTeam = ZFJ4RM7VL4;
					};
				};
			};
			buildConfigurationList = D351F0661C01738800F6F91D /* Build configuration list for PBXProject "sensor2" */;
			compatibilityVersion = "Xcode 3.2";
			developmentRegion = English;
			hasScannedForEncodings = 0;
			knownRegions = (
				en,
				Base,
			);
			mainGroup = D351F0621C01738700F6F91D;
			productRefGroup = D351F06C1C01738800F6F91D /* Products */;
			projectDirPath = "";
			projectRoot = "";
			targets = (
				D351F06A1C01738800F6F91D /* sensor2 */,
				D351F07E1C01738800F6F91D /* sensor2Tests */,
				D351F0891C01738800F6F91D /* sensor2UITests */,
				D351F0921C01738800F6F91D /* sensor2 WatchKit App */,
				D351F0A11C01738800F6F91D /* sensor2 WatchKit Extension */,
			);
		};
/* End PBXProject section */

/* Begin PBXResourcesBuildPhase section */
		D351F0691C01738800F6F91D /* Resources */ = {
			isa = PBXResourcesBuildPhase;
			buildActionMask = 2147483647;
			files = (
				D351F0791C01738800F6F91D /* LaunchScreen.storyboard in Resources */,
				D3538F671C7A367D00D9C963 /* GoogleService-Info.plist in Resources */,
				D351F0761C01738800F6F91D /* Assets.xcassets in Resources */,
				D351F0741C01738800F6F91D /* Main.storyboard in Resources */,
			);
			runOnlyForDeploymentPostprocessing = 0;
		};
		D351F07D1C01738800F6F91D /* Resources */ = {
			isa = PBXResourcesBuildPhase;
			buildActionMask = 2147483647;
			files = (
			);
			runOnlyForDeploymentPostprocessing = 0;
		};
		D351F0881C01738800F6F91D /* Resources */ = {
			isa = PBXResourcesBuildPhase;
			buildActionMask = 2147483647;
			files = (
			);
			runOnlyForDeploymentPostprocessing = 0;
		};
		D351F0911C01738800F6F91D /* Resources */ = {
			isa = PBXResourcesBuildPhase;
			buildActionMask = 2147483647;
			files = (
				D351F09C1C01738800F6F91D /* Assets.xcassets in Resources */,
				D351F09A1C01738800F6F91D /* Interface.storyboard in Resources */,
			);
			runOnlyForDeploymentPostprocessing = 0;
		};
		D351F0A01C01738800F6F91D /* Resources */ = {
			isa = PBXResourcesBuildPhase;
			buildActionMask = 2147483647;
			files = (
				D351F0AC1C01738800F6F91D /* Assets.xcassets in Resources */,
			);
			runOnlyForDeploymentPostprocessing = 0;
		};
/* End PBXResourcesBuildPhase section */

/* Begin PBXShellScriptBuildPhase section */
		A025C3616C3F18C736423CD0 /* Copy Pods Resources */ = {
			isa = PBXShellScriptBuildPhase;
			buildActionMask = 2147483647;
			files = (
			);
			inputPaths = (
			);
			name = "Copy Pods Resources";
			outputPaths = (
			);
			runOnlyForDeploymentPostprocessing = 0;
			shellPath = /bin/sh;
			shellScript = "\"${SRCROOT}/Pods/Target Support Files/Pods/Pods-resources.sh\"\n";
			showEnvVarsInLog = 0;
		};
		C0A5FA6724C31BDFD82A4153 /* Check Pods Manifest.lock */ = {
			isa = PBXShellScriptBuildPhase;
			buildActionMask = 2147483647;
			files = (
			);
			inputPaths = (
			);
			name = "Check Pods Manifest.lock";
			outputPaths = (
			);
			runOnlyForDeploymentPostprocessing = 0;
			shellPath = /bin/sh;
			shellScript = "diff \"${PODS_ROOT}/../Podfile.lock\" \"${PODS_ROOT}/Manifest.lock\" > /dev/null\nif [[ $? != 0 ]] ; then\n    cat << EOM\nerror: The sandbox is not in sync with the Podfile.lock. Run 'pod install' or update your CocoaPods installation.\nEOM\n    exit 1\nfi\n";
			showEnvVarsInLog = 0;
		};
		D3F93D6F1C7EB95700AA70FB /* Run Script */ = {
			isa = PBXShellScriptBuildPhase;
			buildActionMask = 2147483647;
			files = (
			);
			inputPaths = (
			);
			name = "Run Script";
			outputPaths = (
			);
			runOnlyForDeploymentPostprocessing = 0;
			shellPath = /bin/sh;
			shellScript = "\"${PODS_ROOT}/Fabric/run\" 125a54cb3c412ad3626e077190515639339a45c4 e3b88ece9fc0c83ea715a0f063f5a0a8b323e6b2a24cda04f1338f62e711c583";
		};
/* End PBXShellScriptBuildPhase section */

/* Begin PBXSourcesBuildPhase section */
		D351F0671C01738800F6F91D /* Sources */ = {
			isa = PBXSourcesBuildPhase;
			buildActionMask = 2147483647;
			files = (
				D3379F5E1C409FDF00430D2C /* AuthorizeUserDelegate.swift in Sources */,
				D351F0711C01738800F6F91D /* ViewController.swift in Sources */,
				D3379F601C409FEA00430D2C /* AccessTokenDelegate.swift in Sources */,
				D3379F621C409FFB00430D2C /* AppGlobals.swift in Sources */,
				D351F06F1C01738800F6F91D /* AppDelegate.swift in Sources */,
				D3379F5A1C409FC800430D2C /* LogoutDelegate.swift in Sources */,
			);
			runOnlyForDeploymentPostprocessing = 0;
		};
		D351F07B1C01738800F6F91D /* Sources */ = {
			isa = PBXSourcesBuildPhase;
			buildActionMask = 2147483647;
			files = (
				D351F0841C01738800F6F91D /* sensor2Tests.swift in Sources */,
			);
			runOnlyForDeploymentPostprocessing = 0;
		};
		D351F0861C01738800F6F91D /* Sources */ = {
			isa = PBXSourcesBuildPhase;
			buildActionMask = 2147483647;
			files = (
				D351F08F1C01738800F6F91D /* sensor2UITests.swift in Sources */,
			);
			runOnlyForDeploymentPostprocessing = 0;
		};
		D351F09E1C01738800F6F91D /* Sources */ = {
			isa = PBXSourcesBuildPhase;
			buildActionMask = 2147483647;
			files = (
				D3379F6B1C42314200430D2C /* AppGlobals.swift in Sources */,
				D351F0C21C0183D300F6F91D /* SensorDynamoImpl.swift in Sources */,
				D351F0AA1C01738800F6F91D /* ExtensionDelegate.swift in Sources */,
				D351F0A81C01738800F6F91D /* InterfaceController.swift in Sources */,
			);
			runOnlyForDeploymentPostprocessing = 0;
		};
/* End PBXSourcesBuildPhase section */

/* Begin PBXTargetDependency section */
		D351F0811C01738800F6F91D /* PBXTargetDependency */ = {
			isa = PBXTargetDependency;
			target = D351F06A1C01738800F6F91D /* sensor2 */;
			targetProxy = D351F0801C01738800F6F91D /* PBXContainerItemProxy */;
		};
		D351F08C1C01738800F6F91D /* PBXTargetDependency */ = {
			isa = PBXTargetDependency;
			target = D351F06A1C01738800F6F91D /* sensor2 */;
			targetProxy = D351F08B1C01738800F6F91D /* PBXContainerItemProxy */;
		};
		D351F0961C01738800F6F91D /* PBXTargetDependency */ = {
			isa = PBXTargetDependency;
			target = D351F0921C01738800F6F91D /* sensor2 WatchKit App */;
			targetProxy = D351F0951C01738800F6F91D /* PBXContainerItemProxy */;
		};
		D351F0A51C01738800F6F91D /* PBXTargetDependency */ = {
			isa = PBXTargetDependency;
			target = D351F0A11C01738800F6F91D /* sensor2 WatchKit Extension */;
			targetProxy = D351F0A41C01738800F6F91D /* PBXContainerItemProxy */;
		};
/* End PBXTargetDependency section */

/* Begin PBXVariantGroup section */
		D351F0721C01738800F6F91D /* Main.storyboard */ = {
			isa = PBXVariantGroup;
			children = (
				D351F0731C01738800F6F91D /* Base */,
			);
			name = Main.storyboard;
			sourceTree = "<group>";
		};
		D351F0771C01738800F6F91D /* LaunchScreen.storyboard */ = {
			isa = PBXVariantGroup;
			children = (
				D351F0781C01738800F6F91D /* Base */,
			);
			name = LaunchScreen.storyboard;
			sourceTree = "<group>";
		};
		D351F0981C01738800F6F91D /* Interface.storyboard */ = {
			isa = PBXVariantGroup;
			children = (
				D351F0991C01738800F6F91D /* Base */,
			);
			name = Interface.storyboard;
			sourceTree = "<group>";
		};
/* End PBXVariantGroup section */

/* Begin XCBuildConfiguration section */
		D351F0AE1C01738800F6F91D /* Debug */ = {
			isa = XCBuildConfiguration;
			buildSettings = {
				ALWAYS_SEARCH_USER_PATHS = NO;
				CLANG_CXX_LANGUAGE_STANDARD = "gnu++0x";
				CLANG_CXX_LIBRARY = "libc++";
				CLANG_ENABLE_MODULES = YES;
				CLANG_ENABLE_OBJC_ARC = YES;
				CLANG_WARN_BOOL_CONVERSION = YES;
				CLANG_WARN_CONSTANT_CONVERSION = YES;
				CLANG_WARN_DIRECT_OBJC_ISA_USAGE = YES_ERROR;
				CLANG_WARN_EMPTY_BODY = YES;
				CLANG_WARN_ENUM_CONVERSION = YES;
				CLANG_WARN_INT_CONVERSION = YES;
				CLANG_WARN_OBJC_ROOT_CLASS = YES_ERROR;
				CLANG_WARN_UNREACHABLE_CODE = YES;
				CLANG_WARN__DUPLICATE_METHOD_MATCH = YES;
				"CODE_SIGN_IDENTITY[sdk=iphoneos*]" = "iPhone Developer";
				COPY_PHASE_STRIP = NO;
				DEBUG_INFORMATION_FORMAT = dwarf;
				ENABLE_STRICT_OBJC_MSGSEND = YES;
				ENABLE_TESTABILITY = YES;
				GCC_C_LANGUAGE_STANDARD = gnu99;
				GCC_DYNAMIC_NO_PIC = NO;
				GCC_NO_COMMON_BLOCKS = YES;
				GCC_OPTIMIZATION_LEVEL = 0;
				GCC_PREPROCESSOR_DEFINITIONS = (
					"DEBUG=1",
					"$(inherited)",
				);
				GCC_WARN_64_TO_32_BIT_CONVERSION = YES;
				GCC_WARN_ABOUT_RETURN_TYPE = YES_ERROR;
				GCC_WARN_UNDECLARED_SELECTOR = YES;
				GCC_WARN_UNINITIALIZED_AUTOS = YES_AGGRESSIVE;
				GCC_WARN_UNUSED_FUNCTION = YES;
				GCC_WARN_UNUSED_VARIABLE = YES;
				IPHONEOS_DEPLOYMENT_TARGET = 9.1;
				MTL_ENABLE_DEBUG_INFO = YES;
				ONLY_ACTIVE_ARCH = YES;
				SDKROOT = iphoneos;
				SWIFT_OPTIMIZATION_LEVEL = "-Onone";
				TARGETED_DEVICE_FAMILY = "1,2";
			};
			name = Debug;
		};
		D351F0AF1C01738800F6F91D /* Release */ = {
			isa = XCBuildConfiguration;
			buildSettings = {
				ALWAYS_SEARCH_USER_PATHS = NO;
				CLANG_CXX_LANGUAGE_STANDARD = "gnu++0x";
				CLANG_CXX_LIBRARY = "libc++";
				CLANG_ENABLE_MODULES = YES;
				CLANG_ENABLE_OBJC_ARC = YES;
				CLANG_WARN_BOOL_CONVERSION = YES;
				CLANG_WARN_CONSTANT_CONVERSION = YES;
				CLANG_WARN_DIRECT_OBJC_ISA_USAGE = YES_ERROR;
				CLANG_WARN_EMPTY_BODY = YES;
				CLANG_WARN_ENUM_CONVERSION = YES;
				CLANG_WARN_INT_CONVERSION = YES;
				CLANG_WARN_OBJC_ROOT_CLASS = YES_ERROR;
				CLANG_WARN_UNREACHABLE_CODE = YES;
				CLANG_WARN__DUPLICATE_METHOD_MATCH = YES;
				"CODE_SIGN_IDENTITY[sdk=iphoneos*]" = "iPhone Developer";
				COPY_PHASE_STRIP = NO;
				DEBUG_INFORMATION_FORMAT = "dwarf-with-dsym";
				ENABLE_NS_ASSERTIONS = NO;
				ENABLE_STRICT_OBJC_MSGSEND = YES;
				GCC_C_LANGUAGE_STANDARD = gnu99;
				GCC_NO_COMMON_BLOCKS = YES;
				GCC_WARN_64_TO_32_BIT_CONVERSION = YES;
				GCC_WARN_ABOUT_RETURN_TYPE = YES_ERROR;
				GCC_WARN_UNDECLARED_SELECTOR = YES;
				GCC_WARN_UNINITIALIZED_AUTOS = YES_AGGRESSIVE;
				GCC_WARN_UNUSED_FUNCTION = YES;
				GCC_WARN_UNUSED_VARIABLE = YES;
				IPHONEOS_DEPLOYMENT_TARGET = 9.1;
				MTL_ENABLE_DEBUG_INFO = NO;
				SDKROOT = iphoneos;
				TARGETED_DEVICE_FAMILY = "1,2";
				VALIDATE_PRODUCT = YES;
			};
			name = Release;
		};
		D351F0B11C01738800F6F91D /* Debug */ = {
			isa = XCBuildConfiguration;
			buildSettings = {
				CODE_SIGN_IDENTITY = "iPhone Developer";
				INFOPLIST_FILE = "sensor2 WatchKit Extension/Info.plist";
				LD_RUNPATH_SEARCH_PATHS = "$(inherited) @executable_path/Frameworks @executable_path/../../Frameworks";
				LIBRARY_SEARCH_PATHS = "$(inherited)";
				PRODUCT_BUNDLE_IDENTIFIER = com.accelero.sensor2beta.watchkitapp.watchkitextension;
				PRODUCT_NAME = "${TARGET_NAME}";
				SDKROOT = watchos;
				SKIP_INSTALL = YES;
				SWIFT_OBJC_BRIDGING_HEADER = "sensor2 WatchKit Extension/Watch-Bridging-Header.h";
				TARGETED_DEVICE_FAMILY = 4;
				WATCHOS_DEPLOYMENT_TARGET = 2.0;
			};
			name = Debug;
		};
		D351F0B21C01738800F6F91D /* Release */ = {
			isa = XCBuildConfiguration;
			buildSettings = {
				CODE_SIGN_IDENTITY = "iPhone Developer";
				INFOPLIST_FILE = "sensor2 WatchKit Extension/Info.plist";
				LD_RUNPATH_SEARCH_PATHS = "$(inherited) @executable_path/Frameworks @executable_path/../../Frameworks";
				LIBRARY_SEARCH_PATHS = "$(inherited)";
				PRODUCT_BUNDLE_IDENTIFIER = com.accelero.sensor2beta.watchkitapp.watchkitextension;
				PRODUCT_NAME = "${TARGET_NAME}";
				SDKROOT = watchos;
				SKIP_INSTALL = YES;
				SWIFT_OBJC_BRIDGING_HEADER = "sensor2 WatchKit Extension/Watch-Bridging-Header.h";
				TARGETED_DEVICE_FAMILY = 4;
				WATCHOS_DEPLOYMENT_TARGET = 2.0;
			};
			name = Release;
		};
		D351F0B51C01738800F6F91D /* Debug */ = {
			isa = XCBuildConfiguration;
			buildSettings = {
				ASSETCATALOG_COMPILER_APPICON_NAME = AppIcon;
				CODE_SIGN_IDENTITY = "iPhone Developer";
				EMBEDDED_CONTENT_CONTAINS_SWIFT = YES;
				IBSC_MODULE = sensor2_WatchKit_Extension;
				INFOPLIST_FILE = "sensor2 WatchKit App/Info.plist";
				PRODUCT_BUNDLE_IDENTIFIER = com.accelero.sensor2beta.watchkitapp;
				PRODUCT_NAME = "$(TARGET_NAME)";
				SDKROOT = watchos;
				SKIP_INSTALL = YES;
				TARGETED_DEVICE_FAMILY = 4;
				WATCHOS_DEPLOYMENT_TARGET = 2.0;
			};
			name = Debug;
		};
		D351F0B61C01738800F6F91D /* Release */ = {
			isa = XCBuildConfiguration;
			buildSettings = {
				ASSETCATALOG_COMPILER_APPICON_NAME = AppIcon;
				CODE_SIGN_IDENTITY = "iPhone Developer";
				EMBEDDED_CONTENT_CONTAINS_SWIFT = YES;
				IBSC_MODULE = sensor2_WatchKit_Extension;
				INFOPLIST_FILE = "sensor2 WatchKit App/Info.plist";
				PRODUCT_BUNDLE_IDENTIFIER = com.accelero.sensor2beta.watchkitapp;
				PRODUCT_NAME = "$(TARGET_NAME)";
				SDKROOT = watchos;
				SKIP_INSTALL = YES;
				TARGETED_DEVICE_FAMILY = 4;
				WATCHOS_DEPLOYMENT_TARGET = 2.0;
			};
			name = Release;
		};
		D351F0B91C01738800F6F91D /* Debug */ = {
			isa = XCBuildConfiguration;
			baseConfigurationReference = EA3948CFD2B7AE79359EF375 /* Pods.debug.xcconfig */;
			buildSettings = {
				ASSETCATALOG_COMPILER_APPICON_NAME = AppIcon;
				CODE_SIGN_IDENTITY = "iPhone Developer";
				ENABLE_BITCODE = NO;
				EXCLUDED_RECURSIVE_SEARCH_PATH_SUBDIRECTORIES = "*.nib *.lproj *.framework *.gch *.xcode* *.xcassets (*) .DS_Store CVS .svn .git .hg *.pbproj *.pbxproj";
				EXCLUDED_SOURCE_FILE_NAMES = "sensor2Web/*";
				FRAMEWORK_SEARCH_PATHS = (
					"$(SRCROOT)/LoginWithAmazon",
					"$(inherited)",
					"$(PROJECT_DIR)/Facebook",
				);
				INFOPLIST_FILE = sensor2/Info.plist;
				IPHONEOS_DEPLOYMENT_TARGET = 9.2;
				LD_RUNPATH_SEARCH_PATHS = "$(inherited) @executable_path/Frameworks";
				PRODUCT_BUNDLE_IDENTIFIER = com.accelero.sensor2beta;
				PRODUCT_NAME = "$(TARGET_NAME)";
				SWIFT_OBJC_BRIDGING_HEADER = "sensor2/Sensor2-Bridging-Header.h";
				TARGETED_DEVICE_FAMILY = 1;
			};
			name = Debug;
		};
		D351F0BA1C01738800F6F91D /* Release */ = {
			isa = XCBuildConfiguration;
			baseConfigurationReference = 31091825ACC9FE8C5D8F4818 /* Pods.release.xcconfig */;
			buildSettings = {
				ASSETCATALOG_COMPILER_APPICON_NAME = AppIcon;
				CODE_SIGN_IDENTITY = "iPhone Developer";
				ENABLE_BITCODE = NO;
				EXCLUDED_SOURCE_FILE_NAMES = "sensor2Web/*";
				FRAMEWORK_SEARCH_PATHS = (
					"$(SRCROOT)/LoginWithAmazon",
					"$(inherited)",
					"$(PROJECT_DIR)/Facebook",
				);
				INFOPLIST_FILE = sensor2/Info.plist;
				IPHONEOS_DEPLOYMENT_TARGET = 9.2;
				LD_RUNPATH_SEARCH_PATHS = "$(inherited) @executable_path/Frameworks";
				PRODUCT_BUNDLE_IDENTIFIER = com.accelero.sensor2beta;
				PRODUCT_NAME = "$(TARGET_NAME)";
				SWIFT_OBJC_BRIDGING_HEADER = "sensor2/Sensor2-Bridging-Header.h";
				TARGETED_DEVICE_FAMILY = 1;
			};
			name = Release;
		};
		D351F0BC1C01738800F6F91D /* Debug */ = {
			isa = XCBuildConfiguration;
			buildSettings = {
				BUNDLE_LOADER = "$(TEST_HOST)";
				INFOPLIST_FILE = sensor2Tests/Info.plist;
				LD_RUNPATH_SEARCH_PATHS = "$(inherited) @executable_path/Frameworks @loader_path/Frameworks";
				PRODUCT_BUNDLE_IDENTIFIER = com.accelero.sensor2Tests;
				PRODUCT_NAME = "$(TARGET_NAME)";
				TEST_HOST = "$(BUILT_PRODUCTS_DIR)/sensor2.app/sensor2";
			};
			name = Debug;
		};
		D351F0BD1C01738800F6F91D /* Release */ = {
			isa = XCBuildConfiguration;
			buildSettings = {
				BUNDLE_LOADER = "$(TEST_HOST)";
				INFOPLIST_FILE = sensor2Tests/Info.plist;
				LD_RUNPATH_SEARCH_PATHS = "$(inherited) @executable_path/Frameworks @loader_path/Frameworks";
				PRODUCT_BUNDLE_IDENTIFIER = com.accelero.sensor2Tests;
				PRODUCT_NAME = "$(TARGET_NAME)";
				TEST_HOST = "$(BUILT_PRODUCTS_DIR)/sensor2.app/sensor2";
			};
			name = Release;
		};
		D351F0BF1C01738800F6F91D /* Debug */ = {
			isa = XCBuildConfiguration;
			buildSettings = {
				INFOPLIST_FILE = sensor2UITests/Info.plist;
				LD_RUNPATH_SEARCH_PATHS = "$(inherited) @executable_path/Frameworks @loader_path/Frameworks";
				PRODUCT_BUNDLE_IDENTIFIER = com.accelero.sensor2UITests;
				PRODUCT_NAME = "$(TARGET_NAME)";
				TEST_TARGET_NAME = sensor2;
				USES_XCTRUNNER = YES;
			};
			name = Debug;
		};
		D351F0C01C01738800F6F91D /* Release */ = {
			isa = XCBuildConfiguration;
			buildSettings = {
				INFOPLIST_FILE = sensor2UITests/Info.plist;
				LD_RUNPATH_SEARCH_PATHS = "$(inherited) @executable_path/Frameworks @loader_path/Frameworks";
				PRODUCT_BUNDLE_IDENTIFIER = com.accelero.sensor2UITests;
				PRODUCT_NAME = "$(TARGET_NAME)";
				TEST_TARGET_NAME = sensor2;
				USES_XCTRUNNER = YES;
			};
			name = Release;
		};
/* End XCBuildConfiguration section */

/* Begin XCConfigurationList section */
		D351F0661C01738800F6F91D /* Build configuration list for PBXProject "sensor2" */ = {
			isa = XCConfigurationList;
			buildConfigurations = (
				D351F0AE1C01738800F6F91D /* Debug */,
				D351F0AF1C01738800F6F91D /* Release */,
			);
			defaultConfigurationIsVisible = 0;
			defaultConfigurationName = Release;
		};
		D351F0B01C01738800F6F91D /* Build configuration list for PBXNativeTarget "sensor2 WatchKit Extension" */ = {
			isa = XCConfigurationList;
			buildConfigurations = (
				D351F0B11C01738800F6F91D /* Debug */,
				D351F0B21C01738800F6F91D /* Release */,
			);
			defaultConfigurationIsVisible = 0;
			defaultConfigurationName = Release;
		};
		D351F0B41C01738800F6F91D /* Build configuration list for PBXNativeTarget "sensor2 WatchKit App" */ = {
			isa = XCConfigurationList;
			buildConfigurations = (
				D351F0B51C01738800F6F91D /* Debug */,
				D351F0B61C01738800F6F91D /* Release */,
			);
			defaultConfigurationIsVisible = 0;
			defaultConfigurationName = Release;
		};
		D351F0B81C01738800F6F91D /* Build configuration list for PBXNativeTarget "sensor2" */ = {
			isa = XCConfigurationList;
			buildConfigurations = (
				D351F0B91C01738800F6F91D /* Debug */,
				D351F0BA1C01738800F6F91D /* Release */,
			);
			defaultConfigurationIsVisible = 0;
			defaultConfigurationName = Release;
		};
		D351F0BB1C01738800F6F91D /* Build configuration list for PBXNativeTarget "sensor2Tests" */ = {
			isa = XCConfigurationList;
			buildConfigurations = (
				D351F0BC1C01738800F6F91D /* Debug */,
				D351F0BD1C01738800F6F91D /* Release */,
			);
			defaultConfigurationIsVisible = 0;
			defaultConfigurationName = Release;
		};
		D351F0BE1C01738800F6F91D /* Build configuration list for PBXNativeTarget "sensor2UITests" */ = {
			isa = XCConfigurationList;
			buildConfigurations = (
				D351F0BF1C01738800F6F91D /* Debug */,
				D351F0C01C01738800F6F91D /* Release */,
			);
			defaultConfigurationIsVisible = 0;
			defaultConfigurationName = Release;
		};
/* End XCConfigurationList section */
	};
	rootObject = D351F0631C01738800F6F91D /* Project object */;
}
