// !$*UTF8*$!
{
	archiveVersion = 1;
	classes = {
	};
	objectVersion = 46;
	objects = {

/* Begin PBXBuildFile section */
		456673911BC47B3E004EEC3E /* SafariServices.framework in Frameworks */ = {isa = PBXBuildFile; fileRef = 456673901BC47B3E004EEC3E /* SafariServices.framework */; };
		45C8A9D81DB18D1900DE248C /* LoginWithAmazon.framework in Frameworks */ = {isa = PBXBuildFile; fileRef = 45C8A9D71DB18D1900DE248C /* LoginWithAmazon.framework */; };
		45CC54691BC7106600F679D6 /* CoreGraphics.framework in Frameworks */ = {isa = PBXBuildFile; fileRef = 45CC54671BC6FA7500F679D6 /* CoreGraphics.framework */; };
		930D58F316DFB492006B7B39 /* Security.framework in Frameworks */ = {isa = PBXBuildFile; fileRef = 930D58F216DFB492006B7B39 /* Security.framework */; };
		9322F17F170C341E00211AFE /* LICENSE.txt in Resources */ = {isa = PBXBuildFile; fileRef = 9322F17E170C341E00211AFE /* LICENSE.txt */; };
		9322F181170C363A00211AFE /* NOTICE.txt in Resources */ = {isa = PBXBuildFile; fileRef = 9322F180170C363A00211AFE /* NOTICE.txt */; };
		936C7CC51725234D0067524F /* Default-568h@2x.png in Resources */ = {isa = PBXBuildFile; fileRef = 936C7CC41725234D0067524F /* Default-568h@2x.png */; };
		936C7D4A17268E0F0067524F /* btnLWA_gold_157x36_pressed.png in Resources */ = {isa = PBXBuildFile; fileRef = 936C7D4617268E0E0067524F /* btnLWA_gold_157x36_pressed.png */; };
		936C7D4B17268E0F0067524F /* btnLWA_gold_157x36.png in Resources */ = {isa = PBXBuildFile; fileRef = 936C7D4717268E0F0067524F /* btnLWA_gold_157x36.png */; };
		936C7D4C17268E0F0067524F /* btnLWA_gold_314x72_pressed.png in Resources */ = {isa = PBXBuildFile; fileRef = 936C7D4817268E0F0067524F /* btnLWA_gold_314x72_pressed.png */; };
		936C7D4D17268E0F0067524F /* btnLWA_gold_314x72.png in Resources */ = {isa = PBXBuildFile; fileRef = 936C7D4917268E0F0067524F /* btnLWA_gold_314x72.png */; };
		936C7D5F172691600067524F /* btnLWA_gold_68x72.png in Resources */ = {isa = PBXBuildFile; fileRef = 936C7D5E172691600067524F /* btnLWA_gold_68x72.png */; };
		936C7D61172691FD0067524F /* btnLWA_Gold_94x96.png in Resources */ = {isa = PBXBuildFile; fileRef = 936C7D60172691FD0067524F /* btnLWA_Gold_94x96.png */; };
		936DE02416DF69B400D586D0 /* UIKit.framework in Frameworks */ = {isa = PBXBuildFile; fileRef = 936DE02316DF69B400D586D0 /* UIKit.framework */; };
		936DE02616DF69B400D586D0 /* Foundation.framework in Frameworks */ = {isa = PBXBuildFile; fileRef = 936DE02516DF69B400D586D0 /* Foundation.framework */; };
		936DE02E16DF69B400D586D0 /* InfoPlist.strings in Resources */ = {isa = PBXBuildFile; fileRef = 936DE02C16DF69B400D586D0 /* InfoPlist.strings */; };
		936DE03016DF69B400D586D0 /* main.m in Sources */ = {isa = PBXBuildFile; fileRef = 936DE02F16DF69B400D586D0 /* main.m */; };
		936DE03416DF69B400D586D0 /* AMZNAppDelegate.m in Sources */ = {isa = PBXBuildFile; fileRef = 936DE03316DF69B400D586D0 /* AMZNAppDelegate.m */; };
		936DE03716DF69B400D586D0 /* MainStoryboard_iPhone.storyboard in Resources */ = {isa = PBXBuildFile; fileRef = 936DE03516DF69B400D586D0 /* MainStoryboard_iPhone.storyboard */; };
		936DE03A16DF69B400D586D0 /* MainStoryboard_iPad.storyboard in Resources */ = {isa = PBXBuildFile; fileRef = 936DE03816DF69B400D586D0 /* MainStoryboard_iPad.storyboard */; };
		93B545A61733EEBB00AADBA5 /* btnLWA_gold_209x48_pressed.png in Resources */ = {isa = PBXBuildFile; fileRef = 93B545A41733EEBB00AADBA5 /* btnLWA_gold_209x48_pressed.png */; };
		93B545A71733EEBB00AADBA5 /* btnLWA_gold_209x48.png in Resources */ = {isa = PBXBuildFile; fileRef = 93B545A51733EEBB00AADBA5 /* btnLWA_gold_209x48.png */; };
		93E3471217181CA800A9F478 /* AMZNLoginController.m in Sources */ = {isa = PBXBuildFile; fileRef = 93E3471117181CA800A9F478 /* AMZNLoginController.m */; };
/* End PBXBuildFile section */

/* Begin PBXFileReference section */
		456673901BC47B3E004EEC3E /* SafariServices.framework */ = {isa = PBXFileReference; lastKnownFileType = wrapper.framework; name = SafariServices.framework; path = System/Library/Frameworks/SafariServices.framework; sourceTree = SDKROOT; };
		45C8A9D71DB18D1900DE248C /* LoginWithAmazon.framework */ = {isa = PBXFileReference; lastKnownFileType = wrapper.framework; name = LoginWithAmazon.framework; path = ../Library/LoginWithAmazon.framework; sourceTree = "<group>"; };
		45C8A9D91DB18D4200DE248C /* LoginWithAmazonSample.entitlements */ = {isa = PBXFileReference; lastKnownFileType = text.plist.entitlements; path = LoginWithAmazonSample.entitlements; sourceTree = "<group>"; };
		45CC54671BC6FA7500F679D6 /* CoreGraphics.framework */ = {isa = PBXFileReference; lastKnownFileType = wrapper.framework; name = CoreGraphics.framework; path = System/Library/Frameworks/CoreGraphics.framework; sourceTree = SDKROOT; };
		930D58F216DFB492006B7B39 /* Security.framework */ = {isa = PBXFileReference; lastKnownFileType = wrapper.framework; name = Security.framework; path = System/Library/Frameworks/Security.framework; sourceTree = SDKROOT; };
		9322F17E170C341E00211AFE /* LICENSE.txt */ = {isa = PBXFileReference; fileEncoding = 4; lastKnownFileType = text; name = LICENSE.txt; path = ../../LICENSE.txt; sourceTree = "<group>"; };
		9322F180170C363A00211AFE /* NOTICE.txt */ = {isa = PBXFileReference; fileEncoding = 4; lastKnownFileType = text; name = NOTICE.txt; path = ../../NOTICE.txt; sourceTree = "<group>"; };
		93414D251704494100CDEFBB /* LoginWithAmazonSample-Info.plist */ = {isa = PBXFileReference; fileEncoding = 4; lastKnownFileType = text.plist.xml; path = "LoginWithAmazonSample-Info.plist"; sourceTree = "<group>"; };
		936C7CC41725234D0067524F /* Default-568h@2x.png */ = {isa = PBXFileReference; lastKnownFileType = image.png; name = "Default-568h@2x.png"; path = "../../Resources/App/Default-568h@2x.png"; sourceTree = "<group>"; };
		936C7D4617268E0E0067524F /* btnLWA_gold_157x36_pressed.png */ = {isa = PBXFileReference; lastKnownFileType = image.png; name = btnLWA_gold_157x36_pressed.png; path = ../../Resources/App/btnLWA_gold_157x36_pressed.png; sourceTree = "<group>"; };
		936C7D4717268E0F0067524F /* btnLWA_gold_157x36.png */ = {isa = PBXFileReference; lastKnownFileType = image.png; name = btnLWA_gold_157x36.png; path = ../../Resources/App/btnLWA_gold_157x36.png; sourceTree = "<group>"; };
		936C7D4817268E0F0067524F /* btnLWA_gold_314x72_pressed.png */ = {isa = PBXFileReference; lastKnownFileType = image.png; name = btnLWA_gold_314x72_pressed.png; path = ../../Resources/App/btnLWA_gold_314x72_pressed.png; sourceTree = "<group>"; };
		936C7D4917268E0F0067524F /* btnLWA_gold_314x72.png */ = {isa = PBXFileReference; lastKnownFileType = image.png; name = btnLWA_gold_314x72.png; path = ../../Resources/App/btnLWA_gold_314x72.png; sourceTree = "<group>"; };
		936C7D5E172691600067524F /* btnLWA_gold_68x72.png */ = {isa = PBXFileReference; lastKnownFileType = image.png; name = btnLWA_gold_68x72.png; path = ../btnLWA_gold_68x72.png; sourceTree = "<group>"; };
		936C7D60172691FD0067524F /* btnLWA_Gold_94x96.png */ = {isa = PBXFileReference; lastKnownFileType = image.png; name = btnLWA_Gold_94x96.png; path = ../btnLWA_Gold_94x96.png; sourceTree = "<group>"; };
		936DE01F16DF69B400D586D0 /* LoginWithAmazonSample.app */ = {isa = PBXFileReference; explicitFileType = wrapper.application; includeInIndex = 0; path = LoginWithAmazonSample.app; sourceTree = BUILT_PRODUCTS_DIR; };
		936DE02316DF69B400D586D0 /* UIKit.framework */ = {isa = PBXFileReference; lastKnownFileType = wrapper.framework; name = UIKit.framework; path = System/Library/Frameworks/UIKit.framework; sourceTree = SDKROOT; };
		936DE02516DF69B400D586D0 /* Foundation.framework */ = {isa = PBXFileReference; lastKnownFileType = wrapper.framework; name = Foundation.framework; path = System/Library/Frameworks/Foundation.framework; sourceTree = SDKROOT; };
		936DE02D16DF69B400D586D0 /* en */ = {isa = PBXFileReference; lastKnownFileType = text.plist.strings; name = en; path = en.lproj/InfoPlist.strings; sourceTree = "<group>"; };
		936DE02F16DF69B400D586D0 /* main.m */ = {isa = PBXFileReference; lastKnownFileType = sourcecode.c.objc; path = main.m; sourceTree = "<group>"; };
		936DE03116DF69B400D586D0 /* LoginWithAmazonSample-Prefix.pch */ = {isa = PBXFileReference; lastKnownFileType = sourcecode.c.h; path = "LoginWithAmazonSample-Prefix.pch"; sourceTree = "<group>"; };
		936DE03216DF69B400D586D0 /* AMZNAppDelegate.h */ = {isa = PBXFileReference; lastKnownFileType = sourcecode.c.h; path = AMZNAppDelegate.h; sourceTree = "<group>"; };
		936DE03316DF69B400D586D0 /* AMZNAppDelegate.m */ = {isa = PBXFileReference; lastKnownFileType = sourcecode.c.objc; path = AMZNAppDelegate.m; sourceTree = "<group>"; };
		936DE03616DF69B400D586D0 /* en */ = {isa = PBXFileReference; lastKnownFileType = file.storyboard; name = en; path = en.lproj/MainStoryboard_iPhone.storyboard; sourceTree = "<group>"; };
		936DE03916DF69B400D586D0 /* en */ = {isa = PBXFileReference; lastKnownFileType = file.storyboard; name = en; path = en.lproj/MainStoryboard_iPad.storyboard; sourceTree = "<group>"; };
		93B545A41733EEBB00AADBA5 /* btnLWA_gold_209x48_pressed.png */ = {isa = PBXFileReference; lastKnownFileType = image.png; path = btnLWA_gold_209x48_pressed.png; sourceTree = "<group>"; };
		93B545A51733EEBB00AADBA5 /* btnLWA_gold_209x48.png */ = {isa = PBXFileReference; lastKnownFileType = image.png; path = btnLWA_gold_209x48.png; sourceTree = "<group>"; };
		93E3471017181CA800A9F478 /* AMZNLoginController.h */ = {isa = PBXFileReference; fileEncoding = 4; lastKnownFileType = sourcecode.c.h; path = AMZNLoginController.h; sourceTree = "<group>"; };
		93E3471117181CA800A9F478 /* AMZNLoginController.m */ = {isa = PBXFileReference; fileEncoding = 4; lastKnownFileType = sourcecode.c.objc; path = AMZNLoginController.m; sourceTree = "<group>"; };
/* End PBXFileReference section */

/* Begin PBXFrameworksBuildPhase section */
		936DE01C16DF69B400D586D0 /* Frameworks */ = {
			isa = PBXFrameworksBuildPhase;
			buildActionMask = 2147483647;
			files = (
				45CC54691BC7106600F679D6 /* CoreGraphics.framework in Frameworks */,
				456673911BC47B3E004EEC3E /* SafariServices.framework in Frameworks */,
				930D58F316DFB492006B7B39 /* Security.framework in Frameworks */,
				936DE02416DF69B400D586D0 /* UIKit.framework in Frameworks */,
				936DE02616DF69B400D586D0 /* Foundation.framework in Frameworks */,
				45C8A9D81DB18D1900DE248C /* LoginWithAmazon.framework in Frameworks */,
			);
			runOnlyForDeploymentPostprocessing = 0;
		};
/* End PBXFrameworksBuildPhase section */

/* Begin PBXGroup section */
		936DE01416DF69B400D586D0 = {
			isa = PBXGroup;
			children = (
				936DE02916DF69B400D586D0 /* LoginWithAmazonSample */,
				936DE02216DF69B400D586D0 /* Frameworks */,
				936DE02016DF69B400D586D0 /* Products */,
			);
			sourceTree = "<group>";
		};
		936DE02016DF69B400D586D0 /* Products */ = {
			isa = PBXGroup;
			children = (
				936DE01F16DF69B400D586D0 /* LoginWithAmazonSample.app */,
			);
			name = Products;
			sourceTree = "<group>";
		};
		936DE02216DF69B400D586D0 /* Frameworks */ = {
			isa = PBXGroup;
			children = (
				45C8A9D71DB18D1900DE248C /* LoginWithAmazon.framework */,
				45CC54671BC6FA7500F679D6 /* CoreGraphics.framework */,
				456673901BC47B3E004EEC3E /* SafariServices.framework */,
				930D58F216DFB492006B7B39 /* Security.framework */,
				936DE02316DF69B400D586D0 /* UIKit.framework */,
				936DE02516DF69B400D586D0 /* Foundation.framework */,
			);
			name = Frameworks;
			sourceTree = "<group>";
		};
		936DE02916DF69B400D586D0 /* LoginWithAmazonSample */ = {
			isa = PBXGroup;
			children = (
				45C8A9D91DB18D4200DE248C /* LoginWithAmazonSample.entitlements */,
				9322F180170C363A00211AFE /* NOTICE.txt */,
				9322F17E170C341E00211AFE /* LICENSE.txt */,
				936DE03216DF69B400D586D0 /* AMZNAppDelegate.h */,
				936DE03316DF69B400D586D0 /* AMZNAppDelegate.m */,
				93E3471017181CA800A9F478 /* AMZNLoginController.h */,
				93E3471117181CA800A9F478 /* AMZNLoginController.m */,
				936DE03516DF69B400D586D0 /* MainStoryboard_iPhone.storyboard */,
				936DE03816DF69B400D586D0 /* MainStoryboard_iPad.storyboard */,
				936DE02A16DF69B400D586D0 /* Supporting Files */,
			);
			path = LoginWithAmazonSample;
			sourceTree = "<group>";
		};
		936DE02A16DF69B400D586D0 /* Supporting Files */ = {
			isa = PBXGroup;
			children = (
				93B545A41733EEBB00AADBA5 /* btnLWA_gold_209x48_pressed.png */,
				93B545A51733EEBB00AADBA5 /* btnLWA_gold_209x48.png */,
				936C7D60172691FD0067524F /* btnLWA_Gold_94x96.png */,
				936C7D5E172691600067524F /* btnLWA_gold_68x72.png */,
				936C7D4617268E0E0067524F /* btnLWA_gold_157x36_pressed.png */,
				936C7D4717268E0F0067524F /* btnLWA_gold_157x36.png */,
				936C7D4817268E0F0067524F /* btnLWA_gold_314x72_pressed.png */,
				936C7D4917268E0F0067524F /* btnLWA_gold_314x72.png */,
				936C7CC41725234D0067524F /* Default-568h@2x.png */,
				93414D251704494100CDEFBB /* LoginWithAmazonSample-Info.plist */,
				936DE02C16DF69B400D586D0 /* InfoPlist.strings */,
				936DE02F16DF69B400D586D0 /* main.m */,
				936DE03116DF69B400D586D0 /* LoginWithAmazonSample-Prefix.pch */,
			);
			name = "Supporting Files";
			sourceTree = "<group>";
		};
/* End PBXGroup section */

/* Begin PBXNativeTarget section */
		936DE01E16DF69B400D586D0 /* LoginWithAmazonSample */ = {
			isa = PBXNativeTarget;
			buildConfigurationList = 936DE04016DF69B400D586D0 /* Build configuration list for PBXNativeTarget "LoginWithAmazonSample" */;
			buildPhases = (
				936DE01B16DF69B400D586D0 /* Sources */,
				936DE01C16DF69B400D586D0 /* Frameworks */,
				936DE01D16DF69B400D586D0 /* Resources */,
			);
			buildRules = (
			);
			dependencies = (
			);
			name = LoginWithAmazonSample;
			productName = LoginWithAmazonSample;
			productReference = 936DE01F16DF69B400D586D0 /* LoginWithAmazonSample.app */;
			productType = "com.apple.product-type.application";
		};
/* End PBXNativeTarget section */

/* Begin PBXProject section */
		936DE01616DF69B400D586D0 /* Project object */ = {
			isa = PBXProject;
			attributes = {
				CLASSPREFIX = AMZN;
				LastUpgradeCheck = 0800;
				ORGANIZATIONNAME = Amazon;
				TargetAttributes = {
					936DE01E16DF69B400D586D0 = {
						DevelopmentTeam = 94KV3E626L;
						SystemCapabilities = {
							com.apple.Keychain = {
								enabled = 1;
							};
						};
					};
				};
			};
			buildConfigurationList = 936DE01916DF69B400D586D0 /* Build configuration list for PBXProject "LoginWithAmazonSample" */;
			compatibilityVersion = "Xcode 3.2";
			developmentRegion = English;
			hasScannedForEncodings = 0;
			knownRegions = (
				en,
			);
			mainGroup = 936DE01416DF69B400D586D0;
			productRefGroup = 936DE02016DF69B400D586D0 /* Products */;
			projectDirPath = "";
			projectRoot = "";
			targets = (
				936DE01E16DF69B400D586D0 /* LoginWithAmazonSample */,
			);
		};
/* End PBXProject section */

/* Begin PBXResourcesBuildPhase section */
		936DE01D16DF69B400D586D0 /* Resources */ = {
			isa = PBXResourcesBuildPhase;
			buildActionMask = 2147483647;
			files = (
				936DE02E16DF69B400D586D0 /* InfoPlist.strings in Resources */,
				936DE03716DF69B400D586D0 /* MainStoryboard_iPhone.storyboard in Resources */,
				936DE03A16DF69B400D586D0 /* MainStoryboard_iPad.storyboard in Resources */,
				9322F17F170C341E00211AFE /* LICENSE.txt in Resources */,
				9322F181170C363A00211AFE /* NOTICE.txt in Resources */,
				936C7CC51725234D0067524F /* Default-568h@2x.png in Resources */,
				936C7D4A17268E0F0067524F /* btnLWA_gold_157x36_pressed.png in Resources */,
				936C7D4B17268E0F0067524F /* btnLWA_gold_157x36.png in Resources */,
				936C7D4C17268E0F0067524F /* btnLWA_gold_314x72_pressed.png in Resources */,
				936C7D4D17268E0F0067524F /* btnLWA_gold_314x72.png in Resources */,
				936C7D5F172691600067524F /* btnLWA_gold_68x72.png in Resources */,
				936C7D61172691FD0067524F /* btnLWA_Gold_94x96.png in Resources */,
				93B545A61733EEBB00AADBA5 /* btnLWA_gold_209x48_pressed.png in Resources */,
				93B545A71733EEBB00AADBA5 /* btnLWA_gold_209x48.png in Resources */,
			);
			runOnlyForDeploymentPostprocessing = 0;
		};
/* End PBXResourcesBuildPhase section */

/* Begin PBXSourcesBuildPhase section */
		936DE01B16DF69B400D586D0 /* Sources */ = {
			isa = PBXSourcesBuildPhase;
			buildActionMask = 2147483647;
			files = (
				936DE03016DF69B400D586D0 /* main.m in Sources */,
				936DE03416DF69B400D586D0 /* AMZNAppDelegate.m in Sources */,
				93E3471217181CA800A9F478 /* AMZNLoginController.m in Sources */,
			);
			runOnlyForDeploymentPostprocessing = 0;
		};
/* End PBXSourcesBuildPhase section */

/* Begin PBXVariantGroup section */
		936DE02C16DF69B400D586D0 /* InfoPlist.strings */ = {
			isa = PBXVariantGroup;
			children = (
				936DE02D16DF69B400D586D0 /* en */,
			);
			name = InfoPlist.strings;
			sourceTree = "<group>";
		};
		936DE03516DF69B400D586D0 /* MainStoryboard_iPhone.storyboard */ = {
			isa = PBXVariantGroup;
			children = (
				936DE03616DF69B400D586D0 /* en */,
			);
			name = MainStoryboard_iPhone.storyboard;
			sourceTree = "<group>";
		};
		936DE03816DF69B400D586D0 /* MainStoryboard_iPad.storyboard */ = {
			isa = PBXVariantGroup;
			children = (
				936DE03916DF69B400D586D0 /* en */,
			);
			name = MainStoryboard_iPad.storyboard;
			sourceTree = "<group>";
		};
/* End PBXVariantGroup section */

/* Begin XCBuildConfiguration section */
		936DE03E16DF69B400D586D0 /* Debug */ = {
			isa = XCBuildConfiguration;
			buildSettings = {
				ALWAYS_SEARCH_USER_PATHS = NO;
				CLANG_CXX_LANGUAGE_STANDARD = "gnu++0x";
				CLANG_WARN_BOOL_CONVERSION = YES;
				CLANG_WARN_CONSTANT_CONVERSION = YES;
				CLANG_WARN_EMPTY_BODY = YES;
				CLANG_WARN_ENUM_CONVERSION = YES;
				CLANG_WARN_INFINITE_RECURSION = YES;
				CLANG_WARN_INT_CONVERSION = YES;
				CLANG_WARN_SUSPICIOUS_MOVE = YES;
				CLANG_WARN_UNREACHABLE_CODE = YES;
				CLANG_WARN__DUPLICATE_METHOD_MATCH = YES;
				"CODE_SIGN_IDENTITY[sdk=iphoneos*]" = "iPhone Developer";
				COPY_PHASE_STRIP = NO;
				ENABLE_BITCODE = YES;
				ENABLE_STRICT_OBJC_MSGSEND = YES;
				ENABLE_TESTABILITY = YES;
				GCC_C_LANGUAGE_STANDARD = gnu99;
				GCC_DYNAMIC_NO_PIC = NO;
				GCC_NO_COMMON_BLOCKS = YES;
				GCC_OPTIMIZATION_LEVEL = 0;
				GCC_PREPROCESSOR_DEFINITIONS = (
					"DEBUG=1",
					"$(inherited)",
				);
				GCC_SYMBOLS_PRIVATE_EXTERN = NO;
				GCC_VERSION = com.apple.compilers.llvm.clang.1_0;
				GCC_WARN_64_TO_32_BIT_CONVERSION = YES;
				GCC_WARN_ABOUT_RETURN_TYPE = YES;
				GCC_WARN_UNDECLARED_SELECTOR = YES;
				GCC_WARN_UNINITIALIZED_AUTOS = YES;
				GCC_WARN_UNUSED_FUNCTION = YES;
				GCC_WARN_UNUSED_VARIABLE = YES;
				IPHONEOS_DEPLOYMENT_TARGET = 8.0;
				ONLY_ACTIVE_ARCH = YES;
				SDKROOT = iphoneos;
				TARGETED_DEVICE_FAMILY = "1,2";
			};
			name = Debug;
		};
		936DE03F16DF69B400D586D0 /* Release */ = {
			isa = XCBuildConfiguration;
			buildSettings = {
				ALWAYS_SEARCH_USER_PATHS = NO;
				CLANG_CXX_LANGUAGE_STANDARD = "gnu++0x";
				CLANG_WARN_BOOL_CONVERSION = YES;
				CLANG_WARN_CONSTANT_CONVERSION = YES;
				CLANG_WARN_EMPTY_BODY = YES;
				CLANG_WARN_ENUM_CONVERSION = YES;
				CLANG_WARN_INFINITE_RECURSION = YES;
				CLANG_WARN_INT_CONVERSION = YES;
				CLANG_WARN_SUSPICIOUS_MOVE = YES;
				CLANG_WARN_UNREACHABLE_CODE = YES;
				CLANG_WARN__DUPLICATE_METHOD_MATCH = YES;
				"CODE_SIGN_IDENTITY[sdk=iphoneos*]" = "iPhone Developer";
				COPY_PHASE_STRIP = YES;
				ENABLE_BITCODE = YES;
				ENABLE_STRICT_OBJC_MSGSEND = YES;
				GCC_C_LANGUAGE_STANDARD = gnu99;
				GCC_NO_COMMON_BLOCKS = YES;
				GCC_VERSION = com.apple.compilers.llvm.clang.1_0;
				GCC_WARN_64_TO_32_BIT_CONVERSION = YES;
				GCC_WARN_ABOUT_RETURN_TYPE = YES;
				GCC_WARN_UNDECLARED_SELECTOR = YES;
				GCC_WARN_UNINITIALIZED_AUTOS = YES;
				GCC_WARN_UNUSED_FUNCTION = YES;
				GCC_WARN_UNUSED_VARIABLE = YES;
				IPHONEOS_DEPLOYMENT_TARGET = 8.0;
				OTHER_CFLAGS = "-DNS_BLOCK_ASSERTIONS=1";
				SDKROOT = iphoneos;
				TARGETED_DEVICE_FAMILY = "1,2";
				VALIDATE_PRODUCT = YES;
			};
			name = Release;
		};
		936DE04116DF69B400D586D0 /* Debug */ = {
			isa = XCBuildConfiguration;
			buildSettings = {
				CODE_SIGN_ENTITLEMENTS = LoginWithAmazonSample/LoginWithAmazonSample.entitlements;
				DEVELOPMENT_TEAM = 94KV3E626L;
				FRAMEWORK_SEARCH_PATHS = (
					"$(inherited)",
					"$(SRCROOT)/../Library",
				);
				GCC_PRECOMPILE_PREFIX_HEADER = YES;
				GCC_PREFIX_HEADER = "LoginWithAmazonSample/LoginWithAmazonSample-Prefix.pch";
				HEADER_SEARCH_PATHS = "";
				INFOPLIST_FILE = "LoginWithAmazonSample/LoginWithAmazonSample-Info.plist";
				IPHONEOS_DEPLOYMENT_TARGET = 8.0;
				LIBRARY_SEARCH_PATHS = "$(inherited)";
				ONLY_ACTIVE_ARCH = YES;
				OTHER_LDFLAGS = "";
				PRODUCT_BUNDLE_IDENTIFIER = "amzn.${PRODUCT_NAME:rfc1034identifier}";
				PRODUCT_NAME = "$(TARGET_NAME)";
				TARGETED_DEVICE_FAMILY = "1,2";
				USER_HEADER_SEARCH_PATHS = "";
				VALID_ARCHS = "armv7 armv7s arm64";
				WRAPPER_EXTENSION = app;
			};
			name = Debug;
		};
		936DE04216DF69B400D586D0 /* Release */ = {
			isa = XCBuildConfiguration;
			buildSettings = {
				CODE_SIGN_ENTITLEMENTS = LoginWithAmazonSample/LoginWithAmazonSample.entitlements;
				DEVELOPMENT_TEAM = 94KV3E626L;
				FRAMEWORK_SEARCH_PATHS = (
					"$(inherited)",
					"$(SRCROOT)/../Library",
				);
				GCC_PRECOMPILE_PREFIX_HEADER = YES;
				GCC_PREFIX_HEADER = "LoginWithAmazonSample/LoginWithAmazonSample-Prefix.pch";
				HEADER_SEARCH_PATHS = "";
				INFOPLIST_FILE = "LoginWithAmazonSample/LoginWithAmazonSample-Info.plist";
				IPHONEOS_DEPLOYMENT_TARGET = 8.0;
				LIBRARY_SEARCH_PATHS = "$(inherited)";
				OTHER_LDFLAGS = "";
				PRODUCT_BUNDLE_IDENTIFIER = "amzn.${PRODUCT_NAME:rfc1034identifier}";
				PRODUCT_NAME = "$(TARGET_NAME)";
				TARGETED_DEVICE_FAMILY = "1,2";
				USER_HEADER_SEARCH_PATHS = "";
				VALID_ARCHS = "armv7 armv7s arm64";
				WRAPPER_EXTENSION = app;
			};
			name = Release;
		};
/* End XCBuildConfiguration section */

/* Begin XCConfigurationList section */
		936DE01916DF69B400D586D0 /* Build configuration list for PBXProject "LoginWithAmazonSample" */ = {
			isa = XCConfigurationList;
			buildConfigurations = (
				936DE03E16DF69B400D586D0 /* Debug */,
				936DE03F16DF69B400D586D0 /* Release */,
			);
			defaultConfigurationIsVisible = 0;
			defaultConfigurationName = Release;
		};
		936DE04016DF69B400D586D0 /* Build configuration list for PBXNativeTarget "LoginWithAmazonSample" */ = {
			isa = XCConfigurationList;
			buildConfigurations = (
				936DE04116DF69B400D586D0 /* Debug */,
				936DE04216DF69B400D586D0 /* Release */,
			);
			defaultConfigurationIsVisible = 0;
			defaultConfigurationName = Release;
		};
/* End XCConfigurationList section */
	};
	rootObject = 936DE01616DF69B400D586D0 /* Project object */;
}
